{
  "requires": true,
  "lockfileVersion": 1,
  "dependencies": {
    "fetch-to-curl": {
      "version": "0.4.0",
      "resolved": "https://registry.npmjs.org/fetch-to-curl/-/fetch-to-curl-0.4.0.tgz",
      "integrity": "sha512-yPWEo0kkg3F/8vZoINdnSL4GXkq5q96MlQR2r7iI5DecU7OdBvcZZsZEw+Puw55m8cOerDPpQkTsw04MLK1qXA=="
    }
  }
}
